
Microsoft Visual Studio Solution File, Format Version 11.00
# Visual Studio 2010
Project("{FAE04EC0-301F-11D3-BF4B-00C04F79EFBC}") = "EPiElmah", "EPiElmah\EPiElmah.csproj", "{C2E9799F-9E95-4328-BFC1-1CE7E299B836}"
EndProject
Global
	GlobalSection(SolutionConfigurationPlatforms) = preSolution
		Debug|Any CPU = Debug|Any CPU
		Release|Any CPU = Release|Any CPU
	EndGlobalSection
	GlobalSection(ProjectConfigurationPlatforms) = postSolution
		{C2E9799F-9E95-4328-BFC1-1CE7E299B836}.Debug|Any CPU.ActiveCfg = Debug|Any CPU
		{C2E9799F-9E95-4328-BFC1-1CE7E299B836}.Debug|Any CPU.Build.0 = Debug|Any CPU
		{C2E9799F-9E95-4328-BFC1-1CE7E299B836}.Release|Any CPU.ActiveCfg = Release|Any CPU
		{C2E9799F-9E95-4328-BFC1-1CE7E299B836}.Release|Any CPU.Build.0 = Release|Any CPU
	EndGlobalSection
	GlobalSection(SolutionProperties) = preSolution
		HideSolutionNode = FALSE
	EndGlobalSection
EndGlobal
